
Microsoft Visual Studio Solution File, Format Version 12.00
# Visual Studio Version 17
VisualStudioVersion = 17.8.34330.188
MinimumVisualStudioVersion = 10.0.40219.1
Project("{FAE04EC0-301F-11D3-BF4B-00C04F79EFBC}") = "Ellipse", "Ellipse\Ellipse.csproj", "{BF25B68C-9CFA-4E71-B694-F3F927158B9F}"
EndProject
Global
	GlobalSection(SolutionConfigurationPlatforms) = preSolution
		Debug|Any CPU = Debug|Any CPU
		Release|Any CPU = Release|Any CPU
	EndGlobalSection
	GlobalSection(ProjectConfigurationPlatforms) = postSolution
		{BF25B68C-9CFA-4E71-B694-F3F927158B9F}.Debug|Any CPU.ActiveCfg = Debug|Any CPU
		{BF25B68C-9CFA-4E71-B694-F3F927158B9F}.Debug|Any CPU.Build.0 = Debug|Any CPU
		{BF25B68C-9CFA-4E71-B694-F3F927158B9F}.Release|Any CPU.ActiveCfg = Release|Any CPU
		{BF25B68C-9CFA-4E71-B694-F3F927158B9F}.Release|Any CPU.Build.0 = Release|Any CPU
	EndGlobalSection
	GlobalSection(SolutionProperties) = preSolution
		HideSolutionNode = FALSE
	EndGlobalSection
	GlobalSection(ExtensibilityGlobals) = postSolution
		SolutionGuid = {891F17E6-7744-48D0-A491-789ABA788D1C}
	EndGlobalSection
EndGlobal
