
Microsoft Visual Studio Solution File, Format Version 12.00
# Visual Studio Version 17
VisualStudioVersion = 17.8.34330.188
MinimumVisualStudioVersion = 10.0.40219.1
Project("{FAE04EC0-301F-11D3-BF4B-00C04F79EFBC}") = "Брезенхем окружность", "Брезенхем окружность\Брезенхем окружность.csproj", "{D984FBA5-8F7B-4929-AE23-CBD12DEE5F3B}"
EndProject
Global
	GlobalSection(SolutionConfigurationPlatforms) = preSolution
		Debug|Any CPU = Debug|Any CPU
		Release|Any CPU = Release|Any CPU
	EndGlobalSection
	GlobalSection(ProjectConfigurationPlatforms) = postSolution
		{D984FBA5-8F7B-4929-AE23-CBD12DEE5F3B}.Debug|Any CPU.ActiveCfg = Debug|Any CPU
		{D984FBA5-8F7B-4929-AE23-CBD12DEE5F3B}.Debug|Any CPU.Build.0 = Debug|Any CPU
		{D984FBA5-8F7B-4929-AE23-CBD12DEE5F3B}.Release|Any CPU.ActiveCfg = Release|Any CPU
		{D984FBA5-8F7B-4929-AE23-CBD12DEE5F3B}.Release|Any CPU.Build.0 = Release|Any CPU
	EndGlobalSection
	GlobalSection(SolutionProperties) = preSolution
		HideSolutionNode = FALSE
	EndGlobalSection
	GlobalSection(ExtensibilityGlobals) = postSolution
		SolutionGuid = {28FF5ED6-D0E8-41D9-9DA2-AFE68D051391}
	EndGlobalSection
EndGlobal
